
Microsoft Visual Studio Solution File, Format Version 12.00
# Visual Studio 15
VisualStudioVersion = 15.0.28307.757
MinimumVisualStudioVersion = 10.0.40219.1
Project("{FAE04EC0-301F-11D3-BF4B-00C04F79EFBC}") = "Library", "Library\Library.csproj", "{CECC4DE4-C935-4A5F-B1F2-C70C1C9DFB5E}"
EndProject
Project("{FAE04EC0-301F-11D3-BF4B-00C04F79EFBC}") = "WebAppCopa", "WebAppCopa\WebAppCopa.csproj", "{695EE927-7CCD-475F-A6E0-4B00C26E5EE8}"
EndProject
Global
	GlobalSection(SolutionConfigurationPlatforms) = preSolution
		Debug|Any CPU = Debug|Any CPU
		Release|Any CPU = Release|Any CPU
	EndGlobalSection
	GlobalSection(ProjectConfigurationPlatforms) = postSolution
		{CECC4DE4-C935-4A5F-B1F2-C70C1C9DFB5E}.Debug|Any CPU.ActiveCfg = Debug|Any CPU
		{CECC4DE4-C935-4A5F-B1F2-C70C1C9DFB5E}.Debug|Any CPU.Build.0 = Debug|Any CPU
		{CECC4DE4-C935-4A5F-B1F2-C70C1C9DFB5E}.Release|Any CPU.ActiveCfg = Release|Any CPU
		{CECC4DE4-C935-4A5F-B1F2-C70C1C9DFB5E}.Release|Any CPU.Build.0 = Release|Any CPU
		{695EE927-7CCD-475F-A6E0-4B00C26E5EE8}.Debug|Any CPU.ActiveCfg = Debug|Any CPU
		{695EE927-7CCD-475F-A6E0-4B00C26E5EE8}.Debug|Any CPU.Build.0 = Debug|Any CPU
		{695EE927-7CCD-475F-A6E0-4B00C26E5EE8}.Release|Any CPU.ActiveCfg = Release|Any CPU
		{695EE927-7CCD-475F-A6E0-4B00C26E5EE8}.Release|Any CPU.Build.0 = Release|Any CPU
	EndGlobalSection
	GlobalSection(SolutionProperties) = preSolution
		HideSolutionNode = FALSE
	EndGlobalSection
	GlobalSection(ExtensibilityGlobals) = postSolution
		SolutionGuid = {424B6AE7-D5AE-4996-A834-1024A8934D16}
	EndGlobalSection
EndGlobal
